
Microsoft Visual Studio Solution File, Format Version 12.00
# Visual Studio Version 17
VisualStudioVersion = 17.2.32630.192
MinimumVisualStudioVersion = 10.0.40219.1
Project("{FAE04EC0-301F-11D3-BF4B-00C04F79EFBC}") = "BulkyBookWeb", "BulkyBookWeb\BulkyBookWeb.csproj", "{2D0453E5-0528-4796-A57D-69E15F8E69BA}"
EndProject
Global
	GlobalSection(SolutionConfigurationPlatforms) = preSolution
		Debug|Any CPU = Debug|Any CPU
		Release|Any CPU = Release|Any CPU
	EndGlobalSection
	GlobalSection(ProjectConfigurationPlatforms) = postSolution
		{2D0453E5-0528-4796-A57D-69E15F8E69BA}.Debug|Any CPU.ActiveCfg = Debug|Any CPU
		{2D0453E5-0528-4796-A57D-69E15F8E69BA}.Debug|Any CPU.Build.0 = Debug|Any CPU
		{2D0453E5-0528-4796-A57D-69E15F8E69BA}.Release|Any CPU.ActiveCfg = Release|Any CPU
		{2D0453E5-0528-4796-A57D-69E15F8E69BA}.Release|Any CPU.Build.0 = Release|Any CPU
	EndGlobalSection
	GlobalSection(SolutionProperties) = preSolution
		HideSolutionNode = FALSE
	EndGlobalSection
	GlobalSection(ExtensibilityGlobals) = postSolution
		SolutionGuid = {B7BFCD89-D84D-47D8-AD90-0BB8A7D8AC7C}
	EndGlobalSection
EndGlobal
